// !$*UTF8*$!
{
	archiveVersion = 1;
	classes = {
	};
	objectVersion = 50;
	objects = {

/* Begin PBXBuildFile section */
		E3BD8C8B240039D700688228 /* AppDelegate.m in Sources */ = {isa = PBXBuildFile; fileRef = E3BD8C8A240039D700688228 /* AppDelegate.m */; };
		E3BD8C8E240039D700688228 /* SceneDelegate.m in Sources */ = {isa = PBXBuildFile; fileRef = E3BD8C8D240039D700688228 /* SceneDelegate.m */; };
		E3BD8C94240039D700688228 /* Main.storyboard in Resources */ = {isa = PBXBuildFile; fileRef = E3BD8C92240039D700688228 /* Main.storyboard */; };
		E3BD8C96240039D800688228 /* Assets.xcassets in Resources */ = {isa = PBXBuildFile; fileRef = E3BD8C95240039D800688228 /* Assets.xcassets */; };
		E3BD8C99240039D800688228 /* LaunchScreen.storyboard in Resources */ = {isa = PBXBuildFile; fileRef = E3BD8C97240039D800688228 /* LaunchScreen.storyboard */; };
		E3BD8C9C240039D800688228 /* main.m in Sources */ = {isa = PBXBuildFile; fileRef = E3BD8C9B240039D800688228 /* main.m */; };
		E3BD8CAC240042EF00688228 /* TACArtists.m in Sources */ = {isa = PBXBuildFile; fileRef = E3BD8CAB240042EF00688228 /* TACArtists.m */; };
		E3BD8CB02400485800688228 /* TACArtistController.m in Sources */ = {isa = PBXBuildFile; fileRef = E3BD8CAF2400485800688228 /* TACArtistController.m */; };
		E3BD8CB724004C7C00688228 /* TACNSJSONSerialization.m in Sources */ = {isa = PBXBuildFile; fileRef = E3BD8CB624004C7C00688228 /* TACNSJSONSerialization.m */; };
		E3BD8CBD2400741400688228 /* TACDetailViewController.m in Sources */ = {isa = PBXBuildFile; fileRef = E3BD8CBC2400741400688228 /* TACDetailViewController.m */; };
		E3BD8CC02400838300688228 /* TACSearchViewController.m in Sources */ = {isa = PBXBuildFile; fileRef = E3BD8CBF2400838300688228 /* TACSearchViewController.m */; };
		E3BD8CC32400956A00688228 /* TACArtistsTableViewController.m in Sources */ = {isa = PBXBuildFile; fileRef = E3BD8CC22400956A00688228 /* TACArtistsTableViewController.m */; };
/* End PBXBuildFile section */

/* Begin PBXFileReference section */
		E3BD8C86240039D700688228 /* FavoriteArtists.app */ = {isa = PBXFileReference; explicitFileType = wrapper.application; includeInIndex = 0; path = FavoriteArtists.app; sourceTree = BUILT_PRODUCTS_DIR; };
		E3BD8C89240039D700688228 /* AppDelegate.h */ = {isa = PBXFileReference; lastKnownFileType = sourcecode.c.h; path = AppDelegate.h; sourceTree = "<group>"; };
		E3BD8C8A240039D700688228 /* AppDelegate.m */ = {isa = PBXFileReference; lastKnownFileType = sourcecode.c.objc; path = AppDelegate.m; sourceTree = "<group>"; };
		E3BD8C8C240039D700688228 /* SceneDelegate.h */ = {isa = PBXFileReference; lastKnownFileType = sourcecode.c.h; path = SceneDelegate.h; sourceTree = "<group>"; };
		E3BD8C8D240039D700688228 /* SceneDelegate.m */ = {isa = PBXFileReference; lastKnownFileType = sourcecode.c.objc; path = SceneDelegate.m; sourceTree = "<group>"; };
		E3BD8C93240039D700688228 /* Base */ = {isa = PBXFileReference; lastKnownFileType = file.storyboard; name = Base; path = Base.lproj/Main.storyboard; sourceTree = "<group>"; };
		E3BD8C95240039D800688228 /* Assets.xcassets */ = {isa = PBXFileReference; lastKnownFileType = folder.assetcatalog; path = Assets.xcassets; sourceTree = "<group>"; };
		E3BD8C98240039D800688228 /* Base */ = {isa = PBXFileReference; lastKnownFileType = file.storyboard; name = Base; path = Base.lproj/LaunchScreen.storyboard; sourceTree = "<group>"; };
		E3BD8C9A240039D800688228 /* Info.plist */ = {isa = PBXFileReference; lastKnownFileType = text.plist.xml; path = Info.plist; sourceTree = "<group>"; };
		E3BD8C9B240039D800688228 /* main.m */ = {isa = PBXFileReference; lastKnownFileType = sourcecode.c.objc; path = main.m; sourceTree = "<group>"; };
		E3BD8CAA240042EF00688228 /* TACArtists.h */ = {isa = PBXFileReference; lastKnownFileType = sourcecode.c.h; path = TACArtists.h; sourceTree = "<group>"; };
		E3BD8CAB240042EF00688228 /* TACArtists.m */ = {isa = PBXFileReference; lastKnownFileType = sourcecode.c.objc; path = TACArtists.m; sourceTree = "<group>"; };
		E3BD8CAE2400485800688228 /* TACArtistController.h */ = {isa = PBXFileReference; lastKnownFileType = sourcecode.c.h; path = TACArtistController.h; sourceTree = "<group>"; };
		E3BD8CAF2400485800688228 /* TACArtistController.m */ = {isa = PBXFileReference; lastKnownFileType = sourcecode.c.objc; path = TACArtistController.m; sourceTree = "<group>"; };
		E3BD8CB524004C7C00688228 /* TACNSJSONSerialization.h */ = {isa = PBXFileReference; lastKnownFileType = sourcecode.c.h; path = TACNSJSONSerialization.h; sourceTree = "<group>"; };
		E3BD8CB624004C7C00688228 /* TACNSJSONSerialization.m */ = {isa = PBXFileReference; lastKnownFileType = sourcecode.c.objc; path = TACNSJSONSerialization.m; sourceTree = "<group>"; };
		E3BD8CBB2400741400688228 /* TACDetailViewController.h */ = {isa = PBXFileReference; lastKnownFileType = sourcecode.c.h; path = TACDetailViewController.h; sourceTree = "<group>"; };
		E3BD8CBC2400741400688228 /* TACDetailViewController.m */ = {isa = PBXFileReference; lastKnownFileType = sourcecode.c.objc; path = TACDetailViewController.m; sourceTree = "<group>"; };
		E3BD8CBE2400838300688228 /* TACSearchViewController.h */ = {isa = PBXFileReference; lastKnownFileType = sourcecode.c.h; path = TACSearchViewController.h; sourceTree = "<group>"; };
		E3BD8CBF2400838300688228 /* TACSearchViewController.m */ = {isa = PBXFileReference; lastKnownFileType = sourcecode.c.objc; path = TACSearchViewController.m; sourceTree = "<group>"; };
		E3BD8CC12400956A00688228 /* TACArtistsTableViewController.h */ = {isa = PBXFileReference; lastKnownFileType = sourcecode.c.h; path = TACArtistsTableViewController.h; sourceTree = "<group>"; };
		E3BD8CC22400956A00688228 /* TACArtistsTableViewController.m */ = {isa = PBXFileReference; lastKnownFileType = sourcecode.c.objc; path = TACArtistsTableViewController.m; sourceTree = "<group>"; };
/* End PBXFileReference section */

/* Begin PBXFrameworksBuildPhase section */
		E3BD8C83240039D700688228 /* Frameworks */ = {
			isa = PBXFrameworksBuildPhase;
			buildActionMask = 2147483647;
			files = (
			);
			runOnlyForDeploymentPostprocessing = 0;
		};
/* End PBXFrameworksBuildPhase section */

/* Begin PBXGroup section */
		E3BD8C7D240039D700688228 = {
			isa = PBXGroup;
			children = (
				E3BD8C88240039D700688228 /* FavoriteArtists */,
				E3BD8C87240039D700688228 /* Products */,
			);
			sourceTree = "<group>";
		};
		E3BD8C87240039D700688228 /* Products */ = {
			isa = PBXGroup;
			children = (
				E3BD8C86240039D700688228 /* FavoriteArtists.app */,
			);
			name = Products;
			sourceTree = "<group>";
		};
		E3BD8C88240039D700688228 /* FavoriteArtists */ = {
			isa = PBXGroup;
			children = (
				E3BD8CBA240073EC00688228 /* ViewControllers */,
				E3BD8CB124004A2000688228 /* JsonSerialization */,
				E3BD8CAD2400482E00688228 /* Model Controllers */,
				E3BD8CA32400408A00688228 /* Models */,
				E3BD8C89240039D700688228 /* AppDelegate.h */,
				E3BD8C8A240039D700688228 /* AppDelegate.m */,
				E3BD8C8C240039D700688228 /* SceneDelegate.h */,
				E3BD8C8D240039D700688228 /* SceneDelegate.m */,
				E3BD8C92240039D700688228 /* Main.storyboard */,
				E3BD8C95240039D800688228 /* Assets.xcassets */,
				E3BD8C97240039D800688228 /* LaunchScreen.storyboard */,
				E3BD8C9A240039D800688228 /* Info.plist */,
				E3BD8C9B240039D800688228 /* main.m */,
			);
			path = FavoriteArtists;
			sourceTree = "<group>";
		};
		E3BD8CA32400408A00688228 /* Models */ = {
			isa = PBXGroup;
			children = (
				E3BD8CAA240042EF00688228 /* TACArtists.h */,
				E3BD8CAB240042EF00688228 /* TACArtists.m */,
			);
			path = Models;
			sourceTree = "<group>";
		};
		E3BD8CAD2400482E00688228 /* Model Controllers */ = {
			isa = PBXGroup;
			children = (
				E3BD8CAE2400485800688228 /* TACArtistController.h */,
				E3BD8CAF2400485800688228 /* TACArtistController.m */,
			);
			path = "Model Controllers";
			sourceTree = "<group>";
		};
		E3BD8CB124004A2000688228 /* JsonSerialization */ = {
			isa = PBXGroup;
			children = (
				E3BD8CB524004C7C00688228 /* TACNSJSONSerialization.h */,
				E3BD8CB624004C7C00688228 /* TACNSJSONSerialization.m */,
			);
			path = JsonSerialization;
			sourceTree = "<group>";
		};
		E3BD8CBA240073EC00688228 /* ViewControllers */ = {
			isa = PBXGroup;
			children = (
				E3BD8CBB2400741400688228 /* TACDetailViewController.h */,
				E3BD8CBC2400741400688228 /* TACDetailViewController.m */,
				E3BD8CBE2400838300688228 /* TACSearchViewController.h */,
				E3BD8CBF2400838300688228 /* TACSearchViewController.m */,
				E3BD8CC12400956A00688228 /* TACArtistsTableViewController.h */,
				E3BD8CC22400956A00688228 /* TACArtistsTableViewController.m */,
			);
			path = ViewControllers;
			sourceTree = "<group>";
		};
/* End PBXGroup section */

/* Begin PBXNativeTarget section */
		E3BD8C85240039D700688228 /* FavoriteArtists */ = {
			isa = PBXNativeTarget;
			buildConfigurationList = E3BD8C9F240039D800688228 /* Build configuration list for PBXNativeTarget "FavoriteArtists" */;
			buildPhases = (
				E3BD8C82240039D700688228 /* Sources */,
				E3BD8C83240039D700688228 /* Frameworks */,
				E3BD8C84240039D700688228 /* Resources */,
			);
			buildRules = (
			);
			dependencies = (
			);
			name = FavoriteArtists;
			productName = FavoriteArtists;
			productReference = E3BD8C86240039D700688228 /* FavoriteArtists.app */;
			productType = "com.apple.product-type.application";
		};
/* End PBXNativeTarget section */

/* Begin PBXProject section */
		E3BD8C7E240039D700688228 /* Project object */ = {
			isa = PBXProject;
			attributes = {
				CLASSPREFIX = TAC;
				LastUpgradeCheck = 1130;
				ORGANIZATIONNAME = Lambda_School_Loaner_218;
				TargetAttributes = {
					E3BD8C85240039D700688228 = {
						CreatedOnToolsVersion = 11.3.1;
						LastSwiftMigration = 1130;
					};
				};
			};
			buildConfigurationList = E3BD8C81240039D700688228 /* Build configuration list for PBXProject "FavoriteArtists" */;
			compatibilityVersion = "Xcode 9.3";
			developmentRegion = en;
			hasScannedForEncodings = 0;
			knownRegions = (
				en,
				Base,
			);
			mainGroup = E3BD8C7D240039D700688228;
			productRefGroup = E3BD8C87240039D700688228 /* Products */;
			projectDirPath = "";
			projectRoot = "";
			targets = (
				E3BD8C85240039D700688228 /* FavoriteArtists */,
			);
		};
/* End PBXProject section */

/* Begin PBXResourcesBuildPhase section */
		E3BD8C84240039D700688228 /* Resources */ = {
			isa = PBXResourcesBuildPhase;
			buildActionMask = 2147483647;
			files = (
				E3BD8C99240039D800688228 /* LaunchScreen.storyboard in Resources */,
				E3BD8C96240039D800688228 /* Assets.xcassets in Resources */,
				E3BD8C94240039D700688228 /* Main.storyboard in Resources */,
			);
			runOnlyForDeploymentPostprocessing = 0;
		};
/* End PBXResourcesBuildPhase section */

/* Begin PBXSourcesBuildPhase section */
		E3BD8C82240039D700688228 /* Sources */ = {
			isa = PBXSourcesBuildPhase;
			buildActionMask = 2147483647;
			files = (
				E3BD8CB02400485800688228 /* TACArtistController.m in Sources */,
				E3BD8CC02400838300688228 /* TACSearchViewController.m in Sources */,
				E3BD8C8B240039D700688228 /* AppDelegate.m in Sources */,
				E3BD8C9C240039D800688228 /* main.m in Sources */,
				E3BD8CBD2400741400688228 /* TACDetailViewController.m in Sources */,
				E3BD8CC32400956A00688228 /* TACArtistsTableViewController.m in Sources */,
				E3BD8CAC240042EF00688228 /* TACArtists.m in Sources */,
				E3BD8CB724004C7C00688228 /* TACNSJSONSerialization.m in Sources */,
				E3BD8C8E240039D700688228 /* SceneDelegate.m in Sources */,
			);
			runOnlyForDeploymentPostprocessing = 0;
		};
/* End PBXSourcesBuildPhase section */

/* Begin PBXVariantGroup section */
		E3BD8C92240039D700688228 /* Main.storyboard */ = {
			isa = PBXVariantGroup;
			children = (
				E3BD8C93240039D700688228 /* Base */,
			);
			name = Main.storyboard;
			sourceTree = "<group>";
		};
		E3BD8C97240039D800688228 /* LaunchScreen.storyboard */ = {
			isa = PBXVariantGroup;
			children = (
				E3BD8C98240039D800688228 /* Base */,
			);
			name = LaunchScreen.storyboard;
			sourceTree = "<group>";
		};
/* End PBXVariantGroup section */

/* Begin XCBuildConfiguration section */
		E3BD8C9D240039D800688228 /* Debug */ = {
			isa = XCBuildConfiguration;
			buildSettings = {
				ALWAYS_SEARCH_USER_PATHS = NO;
				CLANG_ANALYZER_NONNULL = YES;
				CLANG_ANALYZER_NUMBER_OBJECT_CONVERSION = YES_AGGRESSIVE;
				CLANG_CXX_LANGUAGE_STANDARD = "gnu++14";
				CLANG_CXX_LIBRARY = "libc++";
				CLANG_ENABLE_MODULES = YES;
				CLANG_ENABLE_OBJC_ARC = YES;
				CLANG_ENABLE_OBJC_WEAK = YES;
				CLANG_WARN_BLOCK_CAPTURE_AUTORELEASING = YES;
				CLANG_WARN_BOOL_CONVERSION = YES;
				CLANG_WARN_COMMA = YES;
				CLANG_WARN_CONSTANT_CONVERSION = YES;
				CLANG_WARN_DEPRECATED_OBJC_IMPLEMENTATIONS = YES;
				CLANG_WARN_DIRECT_OBJC_ISA_USAGE = YES_ERROR;
				CLANG_WARN_DOCUMENTATION_COMMENTS = YES;
				CLANG_WARN_EMPTY_BODY = YES;
				CLANG_WARN_ENUM_CONVERSION = YES;
				CLANG_WARN_INFINITE_RECURSION = YES;
				CLANG_WARN_INT_CONVERSION = YES;
				CLANG_WARN_NON_LITERAL_NULL_CONVERSION = YES;
				CLANG_WARN_OBJC_IMPLICIT_RETAIN_SELF = YES;
				CLANG_WARN_OBJC_LITERAL_CONVERSION = YES;
				CLANG_WARN_OBJC_ROOT_CLASS = YES_ERROR;
				CLANG_WARN_RANGE_LOOP_ANALYSIS = YES;
				CLANG_WARN_STRICT_PROTOTYPES = YES;
				CLANG_WARN_SUSPICIOUS_MOVE = YES;
				CLANG_WARN_UNGUARDED_AVAILABILITY = YES_AGGRESSIVE;
				CLANG_WARN_UNREACHABLE_CODE = YES;
				CLANG_WARN__DUPLICATE_METHOD_MATCH = YES;
				COPY_PHASE_STRIP = NO;
				DEBUG_INFORMATION_FORMAT = dwarf;
				ENABLE_STRICT_OBJC_MSGSEND = YES;
				ENABLE_TESTABILITY = YES;
				GCC_C_LANGUAGE_STANDARD = gnu11;
				GCC_DYNAMIC_NO_PIC = NO;
				GCC_NO_COMMON_BLOCKS = YES;
				GCC_OPTIMIZATION_LEVEL = 0;
				GCC_PREPROCESSOR_DEFINITIONS = (
					"DEBUG=1",
					"$(inherited)",
				);
				GCC_WARN_64_TO_32_BIT_CONVERSION = YES;
				GCC_WARN_ABOUT_RETURN_TYPE = YES_ERROR;
				GCC_WARN_UNDECLARED_SELECTOR = YES;
				GCC_WARN_UNINITIALIZED_AUTOS = YES_AGGRESSIVE;
				GCC_WARN_UNUSED_FUNCTION = YES;
				GCC_WARN_UNUSED_VARIABLE = YES;
				IPHONEOS_DEPLOYMENT_TARGET = 13.2;
				MTL_ENABLE_DEBUG_INFO = INCLUDE_SOURCE;
				MTL_FAST_MATH = YES;
				ONLY_ACTIVE_ARCH = YES;
				SDKROOT = iphoneos;
			};
			name = Debug;
		};
		E3BD8C9E240039D800688228 /* Release */ = {
			isa = XCBuildConfiguration;
			buildSettings = {
				ALWAYS_SEARCH_USER_PATHS = NO;
				CLANG_ANALYZER_NONNULL = YES;
				CLANG_ANALYZER_NUMBER_OBJECT_CONVERSION = YES_AGGRESSIVE;
				CLANG_CXX_LANGUAGE_STANDARD = "gnu++14";
				CLANG_CXX_LIBRARY = "libc++";
				CLANG_ENABLE_MODULES = YES;
				CLANG_ENABLE_OBJC_ARC = YES;
				CLANG_ENABLE_OBJC_WEAK = YES;
				CLANG_WARN_BLOCK_CAPTURE_AUTORELEASING = YES;
				CLANG_WARN_BOOL_CONVERSION = YES;
				CLANG_WARN_COMMA = YES;
				CLANG_WARN_CONSTANT_CONVERSION = YES;
				CLANG_WARN_DEPRECATED_OBJC_IMPLEMENTATIONS = YES;
				CLANG_WARN_DIRECT_OBJC_ISA_USAGE = YES_ERROR;
				CLANG_WARN_DOCUMENTATION_COMMENTS = YES;
				CLANG_WARN_EMPTY_BODY = YES;
				CLANG_WARN_ENUM_CONVERSION = YES;
				CLANG_WARN_INFINITE_RECURSION = YES;
				CLANG_WARN_INT_CONVERSION = YES;
				CLANG_WARN_NON_LITERAL_NULL_CONVERSION = YES;
				CLANG_WARN_OBJC_IMPLICIT_RETAIN_SELF = YES;
				CLANG_WARN_OBJC_LITERAL_CONVERSION = YES;
				CLANG_WARN_OBJC_ROOT_CLASS = YES_ERROR;
				CLANG_WARN_RANGE_LOOP_ANALYSIS = YES;
				CLANG_WARN_STRICT_PROTOTYPES = YES;
				CLANG_WARN_SUSPICIOUS_MOVE = YES;
				CLANG_WARN_UNGUARDED_AVAILABILITY = YES_AGGRESSIVE;
				CLANG_WARN_UNREACHABLE_CODE = YES;
				CLANG_WARN__DUPLICATE_METHOD_MATCH = YES;
				COPY_PHASE_STRIP = NO;
				DEBUG_INFORMATION_FORMAT = "dwarf-with-dsym";
				ENABLE_NS_ASSERTIONS = NO;
				ENABLE_STRICT_OBJC_MSGSEND = YES;
				GCC_C_LANGUAGE_STANDARD = gnu11;
				GCC_NO_COMMON_BLOCKS = YES;
				GCC_WARN_64_TO_32_BIT_CONVERSION = YES;
				GCC_WARN_ABOUT_RETURN_TYPE = YES_ERROR;
				GCC_WARN_UNDECLARED_SELECTOR = YES;
				GCC_WARN_UNINITIALIZED_AUTOS = YES_AGGRESSIVE;
				GCC_WARN_UNUSED_FUNCTION = YES;
				GCC_WARN_UNUSED_VARIABLE = YES;
				IPHONEOS_DEPLOYMENT_TARGET = 13.2;
				MTL_ENABLE_DEBUG_INFO = NO;
				MTL_FAST_MATH = YES;
				SDKROOT = iphoneos;
				VALIDATE_PRODUCT = YES;
			};
			name = Release;
		};
		E3BD8CA0240039D800688228 /* Debug */ = {
			isa = XCBuildConfiguration;
			buildSettings = {
				ASSETCATALOG_COMPILER_APPICON_NAME = AppIcon;
				CLANG_ENABLE_MODULES = YES;
				CODE_SIGN_STYLE = Automatic;
				INFOPLIST_FILE = FavoriteArtists/Info.plist;
				LD_RUNPATH_SEARCH_PATHS = (
					"$(inherited)",
					"@executable_path/Frameworks",
				);
				PRODUCT_BUNDLE_IDENTIFIER = "com.Lambda-Shool-learner.FavoriteArtists";
				PRODUCT_NAME = "$(TARGET_NAME)";
				SWIFT_OBJC_BRIDGING_HEADER = "FavoriteArtists/Models/FavoriteArtists-Bridging-Header.h";
				SWIFT_OPTIMIZATION_LEVEL = "-Onone";
				SWIFT_VERSION = 5.0;
				TARGETED_DEVICE_FAMILY = "1,2";
			};
			name = Debug;
		};
		E3BD8CA1240039D800688228 /* Release */ = {
			isa = XCBuildConfiguration;
			buildSettings = {
				ASSETCATALOG_COMPILER_APPICON_NAME = AppIcon;
				CLANG_ENABLE_MODULES = YES;
				CODE_SIGN_STYLE = Automatic;
				INFOPLIST_FILE = FavoriteArtists/Info.plist;
				LD_RUNPATH_SEARCH_PATHS = (
					"$(inherited)",
					"@executable_path/Frameworks",
				);
				PRODUCT_BUNDLE_IDENTIFIER = "com.Lambda-Shool-learner.FavoriteArtists";
				PRODUCT_NAME = "$(TARGET_NAME)";
				SWIFT_OBJC_BRIDGING_HEADER = "FavoriteArtists/Models/FavoriteArtists-Bridging-Header.h";
				SWIFT_VERSION = 5.0;
				TARGETED_DEVICE_FAMILY = "1,2";
			};
			name = Release;
		};
/* End XCBuildConfiguration section */

/* Begin XCConfigurationList section */
		E3BD8C81240039D700688228 /* Build configuration list for PBXProject "FavoriteArtists" */ = {
			isa = XCConfigurationList;
			buildConfigurations = (
				E3BD8C9D240039D800688228 /* Debug */,
				E3BD8C9E240039D800688228 /* Release */,
			);
			defaultConfigurationIsVisible = 0;
			defaultConfigurationName = Release;
		};
		E3BD8C9F240039D800688228 /* Build configuration list for PBXNativeTarget "FavoriteArtists" */ = {
			isa = XCConfigurationList;
			buildConfigurations = (
				E3BD8CA0240039D800688228 /* Debug */,
				E3BD8CA1240039D800688228 /* Release */,
			);
			defaultConfigurationIsVisible = 0;
			defaultConfigurationName = Release;
		};
/* End XCConfigurationList section */
	};
	rootObject = E3BD8C7E240039D700688228 /* Project object */;
}
